
Microsoft Visual Studio Solution File, Format Version 12.00
# Visual Studio Version 17
VisualStudioVersion = 17.7.34024.191
MinimumVisualStudioVersion = 10.0.40219.1
Project("{FAE04EC0-301F-11D3-BF4B-00C04F79EFBC}") = "WpfApp1(task4)", "WpfApp1(task4).csproj", "{FED21154-D5D2-4F7E-AC62-34EDA6DF9195}"
EndProject
Project("{2150E333-8FDC-42A3-9474-1A3956D46DE8}") = "Solution Items", "Solution Items", "{099E29FA-0696-4E37-B0C5-60A97624280D}"
	ProjectSection(SolutionItems) = preProject
		.editorconfig = .editorconfig
	EndProjectSection
EndProject
Global
	GlobalSection(SolutionConfigurationPlatforms) = preSolution
		Debug|Any CPU = Debug|Any CPU
		Release|Any CPU = Release|Any CPU
	EndGlobalSection
	GlobalSection(ProjectConfigurationPlatforms) = postSolution
		{FED21154-D5D2-4F7E-AC62-34EDA6DF9195}.Debug|Any CPU.ActiveCfg = Debug|Any CPU
		{FED21154-D5D2-4F7E-AC62-34EDA6DF9195}.Debug|Any CPU.Build.0 = Debug|Any CPU
		{FED21154-D5D2-4F7E-AC62-34EDA6DF9195}.Release|Any CPU.ActiveCfg = Release|Any CPU
		{FED21154-D5D2-4F7E-AC62-34EDA6DF9195}.Release|Any CPU.Build.0 = Release|Any CPU
	EndGlobalSection
	GlobalSection(SolutionProperties) = preSolution
		HideSolutionNode = FALSE
	EndGlobalSection
	GlobalSection(ExtensibilityGlobals) = postSolution
		SolutionGuid = {749BED1F-767A-445D-A99A-223AF0867F07}
	EndGlobalSection
EndGlobal
