
Microsoft Visual Studio Solution File, Format Version 12.00
# Visual Studio Version 17
VisualStudioVersion = 17.7.34024.191
MinimumVisualStudioVersion = 10.0.40219.1
Project("{FAE04EC0-301F-11D3-BF4B-00C04F79EFBC}") = "Vector_Wpf", "Vector_Wpf.csproj", "{821FE89C-6653-49D2-BED5-6124F6C737A5}"
EndProject
Global
	GlobalSection(SolutionConfigurationPlatforms) = preSolution
		Debug|Any CPU = Debug|Any CPU
		Release|Any CPU = Release|Any CPU
	EndGlobalSection
	GlobalSection(ProjectConfigurationPlatforms) = postSolution
		{821FE89C-6653-49D2-BED5-6124F6C737A5}.Debug|Any CPU.ActiveCfg = Debug|Any CPU
		{821FE89C-6653-49D2-BED5-6124F6C737A5}.Debug|Any CPU.Build.0 = Debug|Any CPU
		{821FE89C-6653-49D2-BED5-6124F6C737A5}.Release|Any CPU.ActiveCfg = Release|Any CPU
		{821FE89C-6653-49D2-BED5-6124F6C737A5}.Release|Any CPU.Build.0 = Release|Any CPU
	EndGlobalSection
	GlobalSection(SolutionProperties) = preSolution
		HideSolutionNode = FALSE
	EndGlobalSection
	GlobalSection(ExtensibilityGlobals) = postSolution
		SolutionGuid = {F0B958B5-01FB-42AD-866E-8274345C3E27}
	EndGlobalSection
EndGlobal
